
Microsoft Visual Studio Solution File, Format Version 12.00
# Visual Studio Version 16
VisualStudioVersion = 16.0.30114.105
MinimumVisualStudioVersion = 10.0.40219.1
Project("{2150E333-8FDC-42A3-9474-1A3956D46DE8}") = "src", "src", "{68076627-0756-4C63-A131-2A115F0B9E1A}"
EndProject
Project("{2150E333-8FDC-42A3-9474-1A3956D46DE8}") = "services", "services", "{602D9857-19DD-462F-9A55-6C797E22CD2B}"
EndProject
Project("{2150E333-8FDC-42A3-9474-1A3956D46DE8}") = "accounts", "accounts", "{5C353FF9-8F12-4E38-82F9-1A3BEA2C6445}"
EndProject
Project("{FAE04EC0-301F-11D3-BF4B-00C04F79EFBC}") = "Accounts", "src\services\accounts\Accounts\Accounts.csproj", "{E2DAB9C3-A8CF-4006-B54A-F0FBA029D66F}"
EndProject
Project("{FAE04EC0-301F-11D3-BF4B-00C04F79EFBC}") = "Accounts.FunctionalTests", "src\services\accounts\Accounts.FunctionalTests\Accounts.FunctionalTests.csproj", "{51ED6CB8-52FF-4A77-8498-D5763001BEC6}"
EndProject
Project("{FAE04EC0-301F-11D3-BF4B-00C04F79EFBC}") = "Accounts.Messages", "src\services\accounts\Accounts.Messages\Accounts.Messages.csproj", "{8BF83A0F-5368-42FA-B7F7-727BDFD860D8}"
EndProject
Project("{FAE04EC0-301F-11D3-BF4B-00C04F79EFBC}") = "Accounts.UnitTests", "src\services\accounts\Accounts.UnitTests\Accounts.UnitTests.csproj", "{763786CB-4AF6-4928-84D0-D874ACF46D03}"
EndProject
Project("{2150E333-8FDC-42A3-9474-1A3956D46DE8}") = "carts", "carts", "{1BEF8A4C-9587-4E74-A3AF-89AE4F800B3F}"
EndProject
Project("{FAE04EC0-301F-11D3-BF4B-00C04F79EFBC}") = "Carts", "src\services\carts\Carts\Carts.csproj", "{AF67C835-7243-4FEF-A00B-5A3F2718E42D}"
EndProject
Project("{FAE04EC0-301F-11D3-BF4B-00C04F79EFBC}") = "Carts.FunctionalTests", "src\services\carts\Carts.FunctionalTests\Carts.FunctionalTests.csproj", "{F5BEEB43-8675-48A5-BC56-48CE5A9C35D7}"
EndProject
Project("{FAE04EC0-301F-11D3-BF4B-00C04F79EFBC}") = "Carts.Messages", "src\services\carts\Carts.Messages\Carts.Messages.csproj", "{4D22F3A5-EAB6-4E1A-9483-E69C0DD31286}"
EndProject
Project("{FAE04EC0-301F-11D3-BF4B-00C04F79EFBC}") = "Carts.UnitTests", "src\services\carts\Carts.UnitTests\Carts.UnitTests.csproj", "{4FC6C2D4-D04C-4BC3-BE06-1C54A1A8E8FA}"
EndProject
Project("{2150E333-8FDC-42A3-9474-1A3956D46DE8}") = "catalog", "catalog", "{E6DE4574-54FD-48E6-AE09-FEEBE1FAB2B9}"
EndProject
Project("{FAE04EC0-301F-11D3-BF4B-00C04F79EFBC}") = "Catalog", "src\services\catalog\Catalog\Catalog.csproj", "{56ABA213-1A4D-4512-B721-F7A602CF7682}"
EndProject
Project("{FAE04EC0-301F-11D3-BF4B-00C04F79EFBC}") = "Catalog.FunctionalTests", "src\services\catalog\Catalog.FunctionalTests\Catalog.FunctionalTests.csproj", "{4B73E25F-71B6-42BC-AB76-1682A43CDDDA}"
EndProject
Project("{FAE04EC0-301F-11D3-BF4B-00C04F79EFBC}") = "Catalog.Messages", "src\services\catalog\Catalog.Messages\Catalog.Messages.csproj", "{B1005ADF-8C46-47CE-A491-2271333AB570}"
EndProject
Project("{FAE04EC0-301F-11D3-BF4B-00C04F79EFBC}") = "Catalog.UnitTests", "src\services\catalog\Catalog.UnitTests\Catalog.UnitTests.csproj", "{04828D19-0CDC-4023-970A-AC58B8F28F50}"
EndProject
Project("{2150E333-8FDC-42A3-9474-1A3956D46DE8}") = "media", "media", "{F818C6FA-4099-445D-9B1D-6B50DE41E27B}"
EndProject
Project("{FAE04EC0-301F-11D3-BF4B-00C04F79EFBC}") = "Media", "src\services\media\Media\Media.csproj", "{24286365-56BC-4688-A802-3AA0712BBE24}"
EndProject
Project("{FAE04EC0-301F-11D3-BF4B-00C04F79EFBC}") = "Media.FunctionalTests", "src\services\media\Media.FunctionalTests\Media.FunctionalTests.csproj", "{E7FBE201-D49E-44CF-AE76-24AF158B90B7}"
EndProject
Project("{FAE04EC0-301F-11D3-BF4B-00C04F79EFBC}") = "Media.Messages", "src\services\media\Media.Messages\Media.Messages.csproj", "{E3AE988B-AAFD-4E8B-8949-609B656D702D}"
EndProject
Project("{FAE04EC0-301F-11D3-BF4B-00C04F79EFBC}") = "Media.UnitTests", "src\services\media\Media.UnitTests\Media.UnitTests.csproj", "{F953826C-ABE8-4D94-B50D-E4C5B72D0959}"
EndProject
Project("{2150E333-8FDC-42A3-9474-1A3956D46DE8}") = "search", "search", "{D1A85984-67F5-4445-B715-15584129A928}"
EndProject
Project("{FAE04EC0-301F-11D3-BF4B-00C04F79EFBC}") = "Search", "src\services\search\Search\Search.csproj", "{5993F325-2FD1-43A5-81AB-564C3EC2553E}"
EndProject
Project("{FAE04EC0-301F-11D3-BF4B-00C04F79EFBC}") = "Search.FunctionalTests", "src\services\search\Search.FunctionalTests\Search.FunctionalTests.csproj", "{9885AE1E-50D6-4467-B563-517353ACAA71}"
EndProject
Project("{FAE04EC0-301F-11D3-BF4B-00C04F79EFBC}") = "Search.Messages", "src\services\search\Search.Messages\Search.Messages.csproj", "{4081D74C-986C-47ED-9217-AEEE53B6362E}"
EndProject
Project("{FAE04EC0-301F-11D3-BF4B-00C04F79EFBC}") = "Search.UnitTests", "src\services\search\Search.UnitTests\Search.UnitTests.csproj", "{E34A5459-C2A5-4128-970F-2188612165E3}"
EndProject
Project("{2150E333-8FDC-42A3-9474-1A3956D46DE8}") = "stores", "stores", "{A0FFC2BA-3154-4EA2-8988-65FD0A46628D}"
EndProject
Project("{FAE04EC0-301F-11D3-BF4B-00C04F79EFBC}") = "Stores", "src\services\stores\Stores\Stores.csproj", "{A0CB9B33-397C-4A62-A289-B7BE2499F8B7}"
EndProject
Project("{FAE04EC0-301F-11D3-BF4B-00C04F79EFBC}") = "Stores.FunctionalTests", "src\services\stores\Stores.FunctionalTests\Stores.FunctionalTests.csproj", "{241BED73-807F-4F2F-B758-03BA4CD40DD6}"
EndProject
Project("{FAE04EC0-301F-11D3-BF4B-00C04F79EFBC}") = "Stores.Messages", "src\services\stores\Stores.Messages\Stores.Messages.csproj", "{2089ABCA-3AA9-4B04-9298-B7F5D0A5A716}"
EndProject
Project("{FAE04EC0-301F-11D3-BF4B-00C04F79EFBC}") = "Stores.UnitTests", "src\services\stores\Stores.UnitTests\Stores.UnitTests.csproj", "{21AAB7F9-3573-4F3B-9813-3024A811F9D4}"
EndProject
Project("{2150E333-8FDC-42A3-9474-1A3956D46DE8}") = "backends", "backends", "{C35EE6A5-5DAD-45A5-91D1-6C46B87F95EF}"
EndProject
Project("{2150E333-8FDC-42A3-9474-1A3956D46DE8}") = "registration", "registration", "{73FF3B14-7011-4724-8F1E-389CDEE6073C}"
EndProject
Project("{FAE04EC0-301F-11D3-BF4B-00C04F79EFBC}") = "Registration", "src\backends\registration\Registration\Registration.csproj", "{855EC2F4-1D27-4D5E-8765-47EC15F92594}"
EndProject
Project("{FAE04EC0-301F-11D3-BF4B-00C04F79EFBC}") = "Registration.FunctionalTests", "src\backends\registration\Registration.FunctionalTests\Registration.FunctionalTests.csproj", "{17F47B23-8A64-4EB3-B7C9-78B680BA62D6}"
EndProject
Project("{FAE04EC0-301F-11D3-BF4B-00C04F79EFBC}") = "Registration.UnitTests", "src\backends\registration\Registration.UnitTests\Registration.UnitTests.csproj", "{032296A7-F9B2-45FD-9BD3-B03B8E9AEACD}"
EndProject
Project("{2150E333-8FDC-42A3-9474-1A3956D46DE8}") = "shopping", "shopping", "{EC220C0F-7441-4F7A-90C0-D2458FC886C6}"
EndProject
Project("{FAE04EC0-301F-11D3-BF4B-00C04F79EFBC}") = "Shopping", "src\backends\shopping\Shopping\Shopping.csproj", "{69129CD3-B9F0-4048-9CAF-5F3B29BB334F}"
EndProject
Project("{FAE04EC0-301F-11D3-BF4B-00C04F79EFBC}") = "Shopping.FunctionalTests", "src\backends\shopping\Shopping.FunctionalTests\Shopping.FunctionalTests.csproj", "{DE6FE6A0-7918-40D3-956F-28FB57BB1C39}"
EndProject
Project("{FAE04EC0-301F-11D3-BF4B-00C04F79EFBC}") = "Shopping.UnitTests", "src\backends\shopping\Shopping.UnitTests\Shopping.UnitTests.csproj", "{393553D7-3489-4B3A-9F00-2D5543714B71}"
EndProject
Project("{2150E333-8FDC-42A3-9474-1A3956D46DE8}") = "frontends", "frontends", "{ADFE2DB7-09F4-4C3C-82C8-C6D7897D2BA1}"
EndProject
Project("{2150E333-8FDC-42A3-9474-1A3956D46DE8}") = "admin", "admin", "{FDBADB66-B3C5-414F-B4C3-0582E6243212}"
EndProject
Project("{FAE04EC0-301F-11D3-BF4B-00C04F79EFBC}") = "Admin", "src\frontends\admin\Admin\Admin.csproj", "{AEC8D32F-8583-470C-92B5-CEE241C1EFE8}"
EndProject
Project("{FAE04EC0-301F-11D3-BF4B-00C04F79EFBC}") = "Admin.FunctionalTests", "src\frontends\admin\Admin.FunctionalTests\Admin.FunctionalTests.csproj", "{1D23FF41-D279-4D85-9F50-40774F29DF69}"
EndProject
Project("{FAE04EC0-301F-11D3-BF4B-00C04F79EFBC}") = "Admin.UnitTests", "src\frontends\admin\Admin.UnitTests\Admin.UnitTests.csproj", "{6EE1001F-9A87-4B18-8F0A-DC6C806F3058}"
EndProject
Project("{2150E333-8FDC-42A3-9474-1A3956D46DE8}") = "management", "management", "{737C8549-29AE-4FFA-BFFF-85733B1C140A}"
EndProject
Project("{FAE04EC0-301F-11D3-BF4B-00C04F79EFBC}") = "Management", "src\frontends\management\Management\Management.csproj", "{377B4CFA-465E-4DFE-B39B-435927CA072A}"
EndProject
Project("{FAE04EC0-301F-11D3-BF4B-00C04F79EFBC}") = "Management.FunctionalTests", "src\frontends\management\Management.FunctionalTests\Management.FunctionalTests.csproj", "{B80843C0-333E-41ED-9EFB-CCE9733D1A05}"
EndProject
Project("{FAE04EC0-301F-11D3-BF4B-00C04F79EFBC}") = "Management.UnitTests", "src\frontends\management\Management.UnitTests\Management.UnitTests.csproj", "{1961ED4F-049D-4A86-BDC5-3C1045C32E0B}"
EndProject
Project("{2150E333-8FDC-42A3-9474-1A3956D46DE8}") = "registration", "registration", "{5AE6E198-41A5-4CB2-B592-C07BD51FA934}"
EndProject
Project("{FAE04EC0-301F-11D3-BF4B-00C04F79EFBC}") = "Registration", "src\frontends\registration\Registration\Registration.csproj", "{9DA557DB-29C6-4E6E-9B90-78A404DC1867}"
EndProject
Project("{FAE04EC0-301F-11D3-BF4B-00C04F79EFBC}") = "Registration.FunctionalTests", "src\frontends\registration\Registration.FunctionalTests\Registration.FunctionalTests.csproj", "{07D07965-926A-4E00-BD65-51C410BAE19B}"
EndProject
Project("{FAE04EC0-301F-11D3-BF4B-00C04F79EFBC}") = "Registration.UnitTests", "src\frontends\registration\Registration.UnitTests\Registration.UnitTests.csproj", "{B58970F3-6EEA-4F34-BDD7-3D12ED1F456A}"
EndProject
Project("{2150E333-8FDC-42A3-9474-1A3956D46DE8}") = "shopping", "shopping", "{728EE389-619C-4FF9-9D99-C239DE49D3AA}"
EndProject
Project("{FAE04EC0-301F-11D3-BF4B-00C04F79EFBC}") = "Shopping", "src\frontends\shopping\Shopping\Shopping.csproj", "{8EAC6573-9F3E-4797-B917-BA4E79237EE3}"
EndProject
Project("{FAE04EC0-301F-11D3-BF4B-00C04F79EFBC}") = "Shopping.FunctionalTests", "src\frontends\shopping\Shopping.FunctionalTests\Shopping.FunctionalTests.csproj", "{ACEE2949-0BF8-4C15-A715-39AD4DDE3CE7}"
EndProject
Project("{FAE04EC0-301F-11D3-BF4B-00C04F79EFBC}") = "Shopping.UnitTests", "src\frontends\shopping\Shopping.UnitTests\Shopping.UnitTests.csproj", "{6175F4F1-655E-4C5C-9D22-5FCF1C73D40C}"
EndProject
Project("{2150E333-8FDC-42A3-9474-1A3956D46DE8}") = "building_blocks", "building_blocks", "{6D7656C9-CBAD-477B-B186-DAB0FF7445E8}"
EndProject
Project("{2150E333-8FDC-42A3-9474-1A3956D46DE8}") = "application", "application", "{DDEC0977-4F9F-44D1-97D5-4404917AA1ED}"
EndProject
Project("{FAE04EC0-301F-11D3-BF4B-00C04F79EFBC}") = "BuildingBlocks.Application", "src\building_blocks\application\BuildingBlocks.Application\BuildingBlocks.Application.csproj", "{4A2DD318-E721-4135-9CBB-D6928252F804}"
EndProject
Project("{2150E333-8FDC-42A3-9474-1A3956D46DE8}") = "domain", "domain", "{1D0717F3-EE6C-4B6C-A09E-726CF953468C}"
EndProject
Project("{FAE04EC0-301F-11D3-BF4B-00C04F79EFBC}") = "BuildingBlocks.Domain.DDD", "src\building_blocks\domain\BuildingBlocks.Domain.DDD\BuildingBlocks.Domain.DDD.csproj", "{4B24D0D6-2EA8-453F-9561-39FBC2A5E623}"
EndProject
Project("{2150E333-8FDC-42A3-9474-1A3956D46DE8}") = "infrastructure", "infrastructure", "{785190C6-743F-465B-B998-202CA6B0B787}"
EndProject
Project("{FAE04EC0-301F-11D3-BF4B-00C04F79EFBC}") = "BuildingBlocks.Infrastructure", "src\building_blocks\infrastructure\BuildingBlocks.Infrastructure\BuildingBlocks.Infrastructure.csproj", "{4CDF7671-42D7-45F4-8B86-7A7934C8C4D0}"
EndProject
Project("{FAE04EC0-301F-11D3-BF4B-00C04F79EFBC}") = "BuildingBlocks.Infrastructure.UnitTests", "src\building_blocks\infrastructure\BuildingBlocks.Infrastructure.UnitTests\BuildingBlocks.Infrastructure.UnitTests.csproj", "{92CAE511-C816-4F9F-ACC4-91DC7A7D4920}"
EndProject
Project("{2150E333-8FDC-42A3-9474-1A3956D46DE8}") = "tools", "tools", "{D08FFCCB-BD15-49E3-A5B1-9140DA248336}"
EndProject
Project("{FAE04EC0-301F-11D3-BF4B-00C04F79EFBC}") = "GenerateDockerFiles", "tools\GenerateDockerFiles\GenerateDockerFiles.csproj", "{E568AA5D-C652-429A-9DFA-3F52FD9DB919}"
EndProject
Global
	GlobalSection(SolutionConfigurationPlatforms) = preSolution
		Debug|Any CPU = Debug|Any CPU
		Release|Any CPU = Release|Any CPU
	EndGlobalSection
	GlobalSection(SolutionProperties) = preSolution
		HideSolutionNode = FALSE
	EndGlobalSection
	GlobalSection(ProjectConfigurationPlatforms) = postSolution
		{E2DAB9C3-A8CF-4006-B54A-F0FBA029D66F}.Debug|Any CPU.ActiveCfg = Debug|Any CPU
		{E2DAB9C3-A8CF-4006-B54A-F0FBA029D66F}.Debug|Any CPU.Build.0 = Debug|Any CPU
		{E2DAB9C3-A8CF-4006-B54A-F0FBA029D66F}.Release|Any CPU.ActiveCfg = Release|Any CPU
		{E2DAB9C3-A8CF-4006-B54A-F0FBA029D66F}.Release|Any CPU.Build.0 = Release|Any CPU
		{51ED6CB8-52FF-4A77-8498-D5763001BEC6}.Debug|Any CPU.ActiveCfg = Debug|Any CPU
		{51ED6CB8-52FF-4A77-8498-D5763001BEC6}.Debug|Any CPU.Build.0 = Debug|Any CPU
		{51ED6CB8-52FF-4A77-8498-D5763001BEC6}.Release|Any CPU.ActiveCfg = Release|Any CPU
		{51ED6CB8-52FF-4A77-8498-D5763001BEC6}.Release|Any CPU.Build.0 = Release|Any CPU
		{8BF83A0F-5368-42FA-B7F7-727BDFD860D8}.Debug|Any CPU.ActiveCfg = Debug|Any CPU
		{8BF83A0F-5368-42FA-B7F7-727BDFD860D8}.Debug|Any CPU.Build.0 = Debug|Any CPU
		{8BF83A0F-5368-42FA-B7F7-727BDFD860D8}.Release|Any CPU.ActiveCfg = Release|Any CPU
		{8BF83A0F-5368-42FA-B7F7-727BDFD860D8}.Release|Any CPU.Build.0 = Release|Any CPU
		{763786CB-4AF6-4928-84D0-D874ACF46D03}.Debug|Any CPU.ActiveCfg = Debug|Any CPU
		{763786CB-4AF6-4928-84D0-D874ACF46D03}.Debug|Any CPU.Build.0 = Debug|Any CPU
		{763786CB-4AF6-4928-84D0-D874ACF46D03}.Release|Any CPU.ActiveCfg = Release|Any CPU
		{763786CB-4AF6-4928-84D0-D874ACF46D03}.Release|Any CPU.Build.0 = Release|Any CPU
		{AF67C835-7243-4FEF-A00B-5A3F2718E42D}.Debug|Any CPU.ActiveCfg = Debug|Any CPU
		{AF67C835-7243-4FEF-A00B-5A3F2718E42D}.Debug|Any CPU.Build.0 = Debug|Any CPU
		{AF67C835-7243-4FEF-A00B-5A3F2718E42D}.Release|Any CPU.ActiveCfg = Release|Any CPU
		{AF67C835-7243-4FEF-A00B-5A3F2718E42D}.Release|Any CPU.Build.0 = Release|Any CPU
		{F5BEEB43-8675-48A5-BC56-48CE5A9C35D7}.Debug|Any CPU.ActiveCfg = Debug|Any CPU
		{F5BEEB43-8675-48A5-BC56-48CE5A9C35D7}.Debug|Any CPU.Build.0 = Debug|Any CPU
		{F5BEEB43-8675-48A5-BC56-48CE5A9C35D7}.Release|Any CPU.ActiveCfg = Release|Any CPU
		{F5BEEB43-8675-48A5-BC56-48CE5A9C35D7}.Release|Any CPU.Build.0 = Release|Any CPU
		{4D22F3A5-EAB6-4E1A-9483-E69C0DD31286}.Debug|Any CPU.ActiveCfg = Debug|Any CPU
		{4D22F3A5-EAB6-4E1A-9483-E69C0DD31286}.Debug|Any CPU.Build.0 = Debug|Any CPU
		{4D22F3A5-EAB6-4E1A-9483-E69C0DD31286}.Release|Any CPU.ActiveCfg = Release|Any CPU
		{4D22F3A5-EAB6-4E1A-9483-E69C0DD31286}.Release|Any CPU.Build.0 = Release|Any CPU
		{4FC6C2D4-D04C-4BC3-BE06-1C54A1A8E8FA}.Debug|Any CPU.ActiveCfg = Debug|Any CPU
		{4FC6C2D4-D04C-4BC3-BE06-1C54A1A8E8FA}.Debug|Any CPU.Build.0 = Debug|Any CPU
		{4FC6C2D4-D04C-4BC3-BE06-1C54A1A8E8FA}.Release|Any CPU.ActiveCfg = Release|Any CPU
		{4FC6C2D4-D04C-4BC3-BE06-1C54A1A8E8FA}.Release|Any CPU.Build.0 = Release|Any CPU
		{56ABA213-1A4D-4512-B721-F7A602CF7682}.Debug|Any CPU.ActiveCfg = Debug|Any CPU
		{56ABA213-1A4D-4512-B721-F7A602CF7682}.Debug|Any CPU.Build.0 = Debug|Any CPU
		{56ABA213-1A4D-4512-B721-F7A602CF7682}.Release|Any CPU.ActiveCfg = Release|Any CPU
		{56ABA213-1A4D-4512-B721-F7A602CF7682}.Release|Any CPU.Build.0 = Release|Any CPU
		{4B73E25F-71B6-42BC-AB76-1682A43CDDDA}.Debug|Any CPU.ActiveCfg = Debug|Any CPU
		{4B73E25F-71B6-42BC-AB76-1682A43CDDDA}.Debug|Any CPU.Build.0 = Debug|Any CPU
		{4B73E25F-71B6-42BC-AB76-1682A43CDDDA}.Release|Any CPU.ActiveCfg = Release|Any CPU
		{4B73E25F-71B6-42BC-AB76-1682A43CDDDA}.Release|Any CPU.Build.0 = Release|Any CPU
		{B1005ADF-8C46-47CE-A491-2271333AB570}.Debug|Any CPU.ActiveCfg = Debug|Any CPU
		{B1005ADF-8C46-47CE-A491-2271333AB570}.Debug|Any CPU.Build.0 = Debug|Any CPU
		{B1005ADF-8C46-47CE-A491-2271333AB570}.Release|Any CPU.ActiveCfg = Release|Any CPU
		{B1005ADF-8C46-47CE-A491-2271333AB570}.Release|Any CPU.Build.0 = Release|Any CPU
		{04828D19-0CDC-4023-970A-AC58B8F28F50}.Debug|Any CPU.ActiveCfg = Debug|Any CPU
		{04828D19-0CDC-4023-970A-AC58B8F28F50}.Debug|Any CPU.Build.0 = Debug|Any CPU
		{04828D19-0CDC-4023-970A-AC58B8F28F50}.Release|Any CPU.ActiveCfg = Release|Any CPU
		{04828D19-0CDC-4023-970A-AC58B8F28F50}.Release|Any CPU.Build.0 = Release|Any CPU
		{24286365-56BC-4688-A802-3AA0712BBE24}.Debug|Any CPU.ActiveCfg = Debug|Any CPU
		{24286365-56BC-4688-A802-3AA0712BBE24}.Debug|Any CPU.Build.0 = Debug|Any CPU
		{24286365-56BC-4688-A802-3AA0712BBE24}.Release|Any CPU.ActiveCfg = Release|Any CPU
		{24286365-56BC-4688-A802-3AA0712BBE24}.Release|Any CPU.Build.0 = Release|Any CPU
		{E7FBE201-D49E-44CF-AE76-24AF158B90B7}.Debug|Any CPU.ActiveCfg = Debug|Any CPU
		{E7FBE201-D49E-44CF-AE76-24AF158B90B7}.Debug|Any CPU.Build.0 = Debug|Any CPU
		{E7FBE201-D49E-44CF-AE76-24AF158B90B7}.Release|Any CPU.ActiveCfg = Release|Any CPU
		{E7FBE201-D49E-44CF-AE76-24AF158B90B7}.Release|Any CPU.Build.0 = Release|Any CPU
		{E3AE988B-AAFD-4E8B-8949-609B656D702D}.Debug|Any CPU.ActiveCfg = Debug|Any CPU
		{E3AE988B-AAFD-4E8B-8949-609B656D702D}.Debug|Any CPU.Build.0 = Debug|Any CPU
		{E3AE988B-AAFD-4E8B-8949-609B656D702D}.Release|Any CPU.ActiveCfg = Release|Any CPU
		{E3AE988B-AAFD-4E8B-8949-609B656D702D}.Release|Any CPU.Build.0 = Release|Any CPU
		{F953826C-ABE8-4D94-B50D-E4C5B72D0959}.Debug|Any CPU.ActiveCfg = Debug|Any CPU
		{F953826C-ABE8-4D94-B50D-E4C5B72D0959}.Debug|Any CPU.Build.0 = Debug|Any CPU
		{F953826C-ABE8-4D94-B50D-E4C5B72D0959}.Release|Any CPU.ActiveCfg = Release|Any CPU
		{F953826C-ABE8-4D94-B50D-E4C5B72D0959}.Release|Any CPU.Build.0 = Release|Any CPU
		{5993F325-2FD1-43A5-81AB-564C3EC2553E}.Debug|Any CPU.ActiveCfg = Debug|Any CPU
		{5993F325-2FD1-43A5-81AB-564C3EC2553E}.Debug|Any CPU.Build.0 = Debug|Any CPU
		{5993F325-2FD1-43A5-81AB-564C3EC2553E}.Release|Any CPU.ActiveCfg = Release|Any CPU
		{5993F325-2FD1-43A5-81AB-564C3EC2553E}.Release|Any CPU.Build.0 = Release|Any CPU
		{9885AE1E-50D6-4467-B563-517353ACAA71}.Debug|Any CPU.ActiveCfg = Debug|Any CPU
		{9885AE1E-50D6-4467-B563-517353ACAA71}.Debug|Any CPU.Build.0 = Debug|Any CPU
		{9885AE1E-50D6-4467-B563-517353ACAA71}.Release|Any CPU.ActiveCfg = Release|Any CPU
		{9885AE1E-50D6-4467-B563-517353ACAA71}.Release|Any CPU.Build.0 = Release|Any CPU
		{4081D74C-986C-47ED-9217-AEEE53B6362E}.Debug|Any CPU.ActiveCfg = Debug|Any CPU
		{4081D74C-986C-47ED-9217-AEEE53B6362E}.Debug|Any CPU.Build.0 = Debug|Any CPU
		{4081D74C-986C-47ED-9217-AEEE53B6362E}.Release|Any CPU.ActiveCfg = Release|Any CPU
		{4081D74C-986C-47ED-9217-AEEE53B6362E}.Release|Any CPU.Build.0 = Release|Any CPU
		{E34A5459-C2A5-4128-970F-2188612165E3}.Debug|Any CPU.ActiveCfg = Debug|Any CPU
		{E34A5459-C2A5-4128-970F-2188612165E3}.Debug|Any CPU.Build.0 = Debug|Any CPU
		{E34A5459-C2A5-4128-970F-2188612165E3}.Release|Any CPU.ActiveCfg = Release|Any CPU
		{E34A5459-C2A5-4128-970F-2188612165E3}.Release|Any CPU.Build.0 = Release|Any CPU
		{A0CB9B33-397C-4A62-A289-B7BE2499F8B7}.Debug|Any CPU.ActiveCfg = Debug|Any CPU
		{A0CB9B33-397C-4A62-A289-B7BE2499F8B7}.Debug|Any CPU.Build.0 = Debug|Any CPU
		{A0CB9B33-397C-4A62-A289-B7BE2499F8B7}.Release|Any CPU.ActiveCfg = Release|Any CPU
		{A0CB9B33-397C-4A62-A289-B7BE2499F8B7}.Release|Any CPU.Build.0 = Release|Any CPU
		{241BED73-807F-4F2F-B758-03BA4CD40DD6}.Debug|Any CPU.ActiveCfg = Debug|Any CPU
		{241BED73-807F-4F2F-B758-03BA4CD40DD6}.Debug|Any CPU.Build.0 = Debug|Any CPU
		{241BED73-807F-4F2F-B758-03BA4CD40DD6}.Release|Any CPU.ActiveCfg = Release|Any CPU
		{241BED73-807F-4F2F-B758-03BA4CD40DD6}.Release|Any CPU.Build.0 = Release|Any CPU
		{2089ABCA-3AA9-4B04-9298-B7F5D0A5A716}.Debug|Any CPU.ActiveCfg = Debug|Any CPU
		{2089ABCA-3AA9-4B04-9298-B7F5D0A5A716}.Debug|Any CPU.Build.0 = Debug|Any CPU
		{2089ABCA-3AA9-4B04-9298-B7F5D0A5A716}.Release|Any CPU.ActiveCfg = Release|Any CPU
		{2089ABCA-3AA9-4B04-9298-B7F5D0A5A716}.Release|Any CPU.Build.0 = Release|Any CPU
		{21AAB7F9-3573-4F3B-9813-3024A811F9D4}.Debug|Any CPU.ActiveCfg = Debug|Any CPU
		{21AAB7F9-3573-4F3B-9813-3024A811F9D4}.Debug|Any CPU.Build.0 = Debug|Any CPU
		{21AAB7F9-3573-4F3B-9813-3024A811F9D4}.Release|Any CPU.ActiveCfg = Release|Any CPU
		{21AAB7F9-3573-4F3B-9813-3024A811F9D4}.Release|Any CPU.Build.0 = Release|Any CPU
		{855EC2F4-1D27-4D5E-8765-47EC15F92594}.Debug|Any CPU.ActiveCfg = Debug|Any CPU
		{855EC2F4-1D27-4D5E-8765-47EC15F92594}.Debug|Any CPU.Build.0 = Debug|Any CPU
		{855EC2F4-1D27-4D5E-8765-47EC15F92594}.Release|Any CPU.ActiveCfg = Release|Any CPU
		{855EC2F4-1D27-4D5E-8765-47EC15F92594}.Release|Any CPU.Build.0 = Release|Any CPU
		{17F47B23-8A64-4EB3-B7C9-78B680BA62D6}.Debug|Any CPU.ActiveCfg = Debug|Any CPU
		{17F47B23-8A64-4EB3-B7C9-78B680BA62D6}.Debug|Any CPU.Build.0 = Debug|Any CPU
		{17F47B23-8A64-4EB3-B7C9-78B680BA62D6}.Release|Any CPU.ActiveCfg = Release|Any CPU
		{17F47B23-8A64-4EB3-B7C9-78B680BA62D6}.Release|Any CPU.Build.0 = Release|Any CPU
		{032296A7-F9B2-45FD-9BD3-B03B8E9AEACD}.Debug|Any CPU.ActiveCfg = Debug|Any CPU
		{032296A7-F9B2-45FD-9BD3-B03B8E9AEACD}.Debug|Any CPU.Build.0 = Debug|Any CPU
		{032296A7-F9B2-45FD-9BD3-B03B8E9AEACD}.Release|Any CPU.ActiveCfg = Release|Any CPU
		{032296A7-F9B2-45FD-9BD3-B03B8E9AEACD}.Release|Any CPU.Build.0 = Release|Any CPU
		{69129CD3-B9F0-4048-9CAF-5F3B29BB334F}.Debug|Any CPU.ActiveCfg = Debug|Any CPU
		{69129CD3-B9F0-4048-9CAF-5F3B29BB334F}.Debug|Any CPU.Build.0 = Debug|Any CPU
		{69129CD3-B9F0-4048-9CAF-5F3B29BB334F}.Release|Any CPU.ActiveCfg = Release|Any CPU
		{69129CD3-B9F0-4048-9CAF-5F3B29BB334F}.Release|Any CPU.Build.0 = Release|Any CPU
		{DE6FE6A0-7918-40D3-956F-28FB57BB1C39}.Debug|Any CPU.ActiveCfg = Debug|Any CPU
		{DE6FE6A0-7918-40D3-956F-28FB57BB1C39}.Debug|Any CPU.Build.0 = Debug|Any CPU
		{DE6FE6A0-7918-40D3-956F-28FB57BB1C39}.Release|Any CPU.ActiveCfg = Release|Any CPU
		{DE6FE6A0-7918-40D3-956F-28FB57BB1C39}.Release|Any CPU.Build.0 = Release|Any CPU
		{393553D7-3489-4B3A-9F00-2D5543714B71}.Debug|Any CPU.ActiveCfg = Debug|Any CPU
		{393553D7-3489-4B3A-9F00-2D5543714B71}.Debug|Any CPU.Build.0 = Debug|Any CPU
		{393553D7-3489-4B3A-9F00-2D5543714B71}.Release|Any CPU.ActiveCfg = Release|Any CPU
		{393553D7-3489-4B3A-9F00-2D5543714B71}.Release|Any CPU.Build.0 = Release|Any CPU
		{AEC8D32F-8583-470C-92B5-CEE241C1EFE8}.Debug|Any CPU.ActiveCfg = Debug|Any CPU
		{AEC8D32F-8583-470C-92B5-CEE241C1EFE8}.Debug|Any CPU.Build.0 = Debug|Any CPU
		{AEC8D32F-8583-470C-92B5-CEE241C1EFE8}.Release|Any CPU.ActiveCfg = Release|Any CPU
		{AEC8D32F-8583-470C-92B5-CEE241C1EFE8}.Release|Any CPU.Build.0 = Release|Any CPU
		{1D23FF41-D279-4D85-9F50-40774F29DF69}.Debug|Any CPU.ActiveCfg = Debug|Any CPU
		{1D23FF41-D279-4D85-9F50-40774F29DF69}.Debug|Any CPU.Build.0 = Debug|Any CPU
		{1D23FF41-D279-4D85-9F50-40774F29DF69}.Release|Any CPU.ActiveCfg = Release|Any CPU
		{1D23FF41-D279-4D85-9F50-40774F29DF69}.Release|Any CPU.Build.0 = Release|Any CPU
		{6EE1001F-9A87-4B18-8F0A-DC6C806F3058}.Debug|Any CPU.ActiveCfg = Debug|Any CPU
		{6EE1001F-9A87-4B18-8F0A-DC6C806F3058}.Debug|Any CPU.Build.0 = Debug|Any CPU
		{6EE1001F-9A87-4B18-8F0A-DC6C806F3058}.Release|Any CPU.ActiveCfg = Release|Any CPU
		{6EE1001F-9A87-4B18-8F0A-DC6C806F3058}.Release|Any CPU.Build.0 = Release|Any CPU
		{377B4CFA-465E-4DFE-B39B-435927CA072A}.Debug|Any CPU.ActiveCfg = Debug|Any CPU
		{377B4CFA-465E-4DFE-B39B-435927CA072A}.Debug|Any CPU.Build.0 = Debug|Any CPU
		{377B4CFA-465E-4DFE-B39B-435927CA072A}.Release|Any CPU.ActiveCfg = Release|Any CPU
		{377B4CFA-465E-4DFE-B39B-435927CA072A}.Release|Any CPU.Build.0 = Release|Any CPU
		{B80843C0-333E-41ED-9EFB-CCE9733D1A05}.Debug|Any CPU.ActiveCfg = Debug|Any CPU
		{B80843C0-333E-41ED-9EFB-CCE9733D1A05}.Debug|Any CPU.Build.0 = Debug|Any CPU
		{B80843C0-333E-41ED-9EFB-CCE9733D1A05}.Release|Any CPU.ActiveCfg = Release|Any CPU
		{B80843C0-333E-41ED-9EFB-CCE9733D1A05}.Release|Any CPU.Build.0 = Release|Any CPU
		{1961ED4F-049D-4A86-BDC5-3C1045C32E0B}.Debug|Any CPU.ActiveCfg = Debug|Any CPU
		{1961ED4F-049D-4A86-BDC5-3C1045C32E0B}.Debug|Any CPU.Build.0 = Debug|Any CPU
		{1961ED4F-049D-4A86-BDC5-3C1045C32E0B}.Release|Any CPU.ActiveCfg = Release|Any CPU
		{1961ED4F-049D-4A86-BDC5-3C1045C32E0B}.Release|Any CPU.Build.0 = Release|Any CPU
		{9DA557DB-29C6-4E6E-9B90-78A404DC1867}.Debug|Any CPU.ActiveCfg = Debug|Any CPU
		{9DA557DB-29C6-4E6E-9B90-78A404DC1867}.Debug|Any CPU.Build.0 = Debug|Any CPU
		{9DA557DB-29C6-4E6E-9B90-78A404DC1867}.Release|Any CPU.ActiveCfg = Release|Any CPU
		{9DA557DB-29C6-4E6E-9B90-78A404DC1867}.Release|Any CPU.Build.0 = Release|Any CPU
		{07D07965-926A-4E00-BD65-51C410BAE19B}.Debug|Any CPU.ActiveCfg = Debug|Any CPU
		{07D07965-926A-4E00-BD65-51C410BAE19B}.Debug|Any CPU.Build.0 = Debug|Any CPU
		{07D07965-926A-4E00-BD65-51C410BAE19B}.Release|Any CPU.ActiveCfg = Release|Any CPU
		{07D07965-926A-4E00-BD65-51C410BAE19B}.Release|Any CPU.Build.0 = Release|Any CPU
		{B58970F3-6EEA-4F34-BDD7-3D12ED1F456A}.Debug|Any CPU.ActiveCfg = Debug|Any CPU
		{B58970F3-6EEA-4F34-BDD7-3D12ED1F456A}.Debug|Any CPU.Build.0 = Debug|Any CPU
		{B58970F3-6EEA-4F34-BDD7-3D12ED1F456A}.Release|Any CPU.ActiveCfg = Release|Any CPU
		{B58970F3-6EEA-4F34-BDD7-3D12ED1F456A}.Release|Any CPU.Build.0 = Release|Any CPU
		{8EAC6573-9F3E-4797-B917-BA4E79237EE3}.Debug|Any CPU.ActiveCfg = Debug|Any CPU
		{8EAC6573-9F3E-4797-B917-BA4E79237EE3}.Debug|Any CPU.Build.0 = Debug|Any CPU
		{8EAC6573-9F3E-4797-B917-BA4E79237EE3}.Release|Any CPU.ActiveCfg = Release|Any CPU
		{8EAC6573-9F3E-4797-B917-BA4E79237EE3}.Release|Any CPU.Build.0 = Release|Any CPU
		{ACEE2949-0BF8-4C15-A715-39AD4DDE3CE7}.Debug|Any CPU.ActiveCfg = Debug|Any CPU
		{ACEE2949-0BF8-4C15-A715-39AD4DDE3CE7}.Debug|Any CPU.Build.0 = Debug|Any CPU
		{ACEE2949-0BF8-4C15-A715-39AD4DDE3CE7}.Release|Any CPU.ActiveCfg = Release|Any CPU
		{ACEE2949-0BF8-4C15-A715-39AD4DDE3CE7}.Release|Any CPU.Build.0 = Release|Any CPU
		{6175F4F1-655E-4C5C-9D22-5FCF1C73D40C}.Debug|Any CPU.ActiveCfg = Debug|Any CPU
		{6175F4F1-655E-4C5C-9D22-5FCF1C73D40C}.Debug|Any CPU.Build.0 = Debug|Any CPU
		{6175F4F1-655E-4C5C-9D22-5FCF1C73D40C}.Release|Any CPU.ActiveCfg = Release|Any CPU
		{6175F4F1-655E-4C5C-9D22-5FCF1C73D40C}.Release|Any CPU.Build.0 = Release|Any CPU
		{4A2DD318-E721-4135-9CBB-D6928252F804}.Debug|Any CPU.ActiveCfg = Debug|Any CPU
		{4A2DD318-E721-4135-9CBB-D6928252F804}.Debug|Any CPU.Build.0 = Debug|Any CPU
		{4A2DD318-E721-4135-9CBB-D6928252F804}.Release|Any CPU.ActiveCfg = Release|Any CPU
		{4A2DD318-E721-4135-9CBB-D6928252F804}.Release|Any CPU.Build.0 = Release|Any CPU
		{4B24D0D6-2EA8-453F-9561-39FBC2A5E623}.Debug|Any CPU.ActiveCfg = Debug|Any CPU
		{4B24D0D6-2EA8-453F-9561-39FBC2A5E623}.Debug|Any CPU.Build.0 = Debug|Any CPU
		{4B24D0D6-2EA8-453F-9561-39FBC2A5E623}.Release|Any CPU.ActiveCfg = Release|Any CPU
		{4B24D0D6-2EA8-453F-9561-39FBC2A5E623}.Release|Any CPU.Build.0 = Release|Any CPU
		{4CDF7671-42D7-45F4-8B86-7A7934C8C4D0}.Debug|Any CPU.ActiveCfg = Debug|Any CPU
		{4CDF7671-42D7-45F4-8B86-7A7934C8C4D0}.Debug|Any CPU.Build.0 = Debug|Any CPU
		{4CDF7671-42D7-45F4-8B86-7A7934C8C4D0}.Release|Any CPU.ActiveCfg = Release|Any CPU
		{4CDF7671-42D7-45F4-8B86-7A7934C8C4D0}.Release|Any CPU.Build.0 = Release|Any CPU
		{92CAE511-C816-4F9F-ACC4-91DC7A7D4920}.Debug|Any CPU.ActiveCfg = Debug|Any CPU
		{92CAE511-C816-4F9F-ACC4-91DC7A7D4920}.Debug|Any CPU.Build.0 = Debug|Any CPU
		{92CAE511-C816-4F9F-ACC4-91DC7A7D4920}.Release|Any CPU.ActiveCfg = Release|Any CPU
		{92CAE511-C816-4F9F-ACC4-91DC7A7D4920}.Release|Any CPU.Build.0 = Release|Any CPU
		{E568AA5D-C652-429A-9DFA-3F52FD9DB919}.Debug|Any CPU.ActiveCfg = Debug|Any CPU
		{E568AA5D-C652-429A-9DFA-3F52FD9DB919}.Debug|Any CPU.Build.0 = Debug|Any CPU
		{E568AA5D-C652-429A-9DFA-3F52FD9DB919}.Release|Any CPU.ActiveCfg = Release|Any CPU
		{E568AA5D-C652-429A-9DFA-3F52FD9DB919}.Release|Any CPU.Build.0 = Release|Any CPU
	EndGlobalSection
	GlobalSection(NestedProjects) = preSolution
		{602D9857-19DD-462F-9A55-6C797E22CD2B} = {68076627-0756-4C63-A131-2A115F0B9E1A}
		{5C353FF9-8F12-4E38-82F9-1A3BEA2C6445} = {602D9857-19DD-462F-9A55-6C797E22CD2B}
		{E2DAB9C3-A8CF-4006-B54A-F0FBA029D66F} = {5C353FF9-8F12-4E38-82F9-1A3BEA2C6445}
		{51ED6CB8-52FF-4A77-8498-D5763001BEC6} = {5C353FF9-8F12-4E38-82F9-1A3BEA2C6445}
		{8BF83A0F-5368-42FA-B7F7-727BDFD860D8} = {5C353FF9-8F12-4E38-82F9-1A3BEA2C6445}
		{763786CB-4AF6-4928-84D0-D874ACF46D03} = {5C353FF9-8F12-4E38-82F9-1A3BEA2C6445}
		{1BEF8A4C-9587-4E74-A3AF-89AE4F800B3F} = {602D9857-19DD-462F-9A55-6C797E22CD2B}
		{AF67C835-7243-4FEF-A00B-5A3F2718E42D} = {1BEF8A4C-9587-4E74-A3AF-89AE4F800B3F}
		{F5BEEB43-8675-48A5-BC56-48CE5A9C35D7} = {1BEF8A4C-9587-4E74-A3AF-89AE4F800B3F}
		{4D22F3A5-EAB6-4E1A-9483-E69C0DD31286} = {1BEF8A4C-9587-4E74-A3AF-89AE4F800B3F}
		{4FC6C2D4-D04C-4BC3-BE06-1C54A1A8E8FA} = {1BEF8A4C-9587-4E74-A3AF-89AE4F800B3F}
		{E6DE4574-54FD-48E6-AE09-FEEBE1FAB2B9} = {602D9857-19DD-462F-9A55-6C797E22CD2B}
		{56ABA213-1A4D-4512-B721-F7A602CF7682} = {E6DE4574-54FD-48E6-AE09-FEEBE1FAB2B9}
		{4B73E25F-71B6-42BC-AB76-1682A43CDDDA} = {E6DE4574-54FD-48E6-AE09-FEEBE1FAB2B9}
		{B1005ADF-8C46-47CE-A491-2271333AB570} = {E6DE4574-54FD-48E6-AE09-FEEBE1FAB2B9}
		{04828D19-0CDC-4023-970A-AC58B8F28F50} = {E6DE4574-54FD-48E6-AE09-FEEBE1FAB2B9}
		{F818C6FA-4099-445D-9B1D-6B50DE41E27B} = {602D9857-19DD-462F-9A55-6C797E22CD2B}
		{24286365-56BC-4688-A802-3AA0712BBE24} = {F818C6FA-4099-445D-9B1D-6B50DE41E27B}
		{E7FBE201-D49E-44CF-AE76-24AF158B90B7} = {F818C6FA-4099-445D-9B1D-6B50DE41E27B}
		{E3AE988B-AAFD-4E8B-8949-609B656D702D} = {F818C6FA-4099-445D-9B1D-6B50DE41E27B}
		{F953826C-ABE8-4D94-B50D-E4C5B72D0959} = {F818C6FA-4099-445D-9B1D-6B50DE41E27B}
		{D1A85984-67F5-4445-B715-15584129A928} = {602D9857-19DD-462F-9A55-6C797E22CD2B}
		{5993F325-2FD1-43A5-81AB-564C3EC2553E} = {D1A85984-67F5-4445-B715-15584129A928}
		{9885AE1E-50D6-4467-B563-517353ACAA71} = {D1A85984-67F5-4445-B715-15584129A928}
		{4081D74C-986C-47ED-9217-AEEE53B6362E} = {D1A85984-67F5-4445-B715-15584129A928}
		{E34A5459-C2A5-4128-970F-2188612165E3} = {D1A85984-67F5-4445-B715-15584129A928}
		{A0FFC2BA-3154-4EA2-8988-65FD0A46628D} = {602D9857-19DD-462F-9A55-6C797E22CD2B}
		{A0CB9B33-397C-4A62-A289-B7BE2499F8B7} = {A0FFC2BA-3154-4EA2-8988-65FD0A46628D}
		{241BED73-807F-4F2F-B758-03BA4CD40DD6} = {A0FFC2BA-3154-4EA2-8988-65FD0A46628D}
		{2089ABCA-3AA9-4B04-9298-B7F5D0A5A716} = {A0FFC2BA-3154-4EA2-8988-65FD0A46628D}
		{21AAB7F9-3573-4F3B-9813-3024A811F9D4} = {A0FFC2BA-3154-4EA2-8988-65FD0A46628D}
		{C35EE6A5-5DAD-45A5-91D1-6C46B87F95EF} = {68076627-0756-4C63-A131-2A115F0B9E1A}
		{73FF3B14-7011-4724-8F1E-389CDEE6073C} = {C35EE6A5-5DAD-45A5-91D1-6C46B87F95EF}
		{855EC2F4-1D27-4D5E-8765-47EC15F92594} = {73FF3B14-7011-4724-8F1E-389CDEE6073C}
		{17F47B23-8A64-4EB3-B7C9-78B680BA62D6} = {73FF3B14-7011-4724-8F1E-389CDEE6073C}
		{032296A7-F9B2-45FD-9BD3-B03B8E9AEACD} = {73FF3B14-7011-4724-8F1E-389CDEE6073C}
		{EC220C0F-7441-4F7A-90C0-D2458FC886C6} = {C35EE6A5-5DAD-45A5-91D1-6C46B87F95EF}
		{69129CD3-B9F0-4048-9CAF-5F3B29BB334F} = {EC220C0F-7441-4F7A-90C0-D2458FC886C6}
		{DE6FE6A0-7918-40D3-956F-28FB57BB1C39} = {EC220C0F-7441-4F7A-90C0-D2458FC886C6}
		{393553D7-3489-4B3A-9F00-2D5543714B71} = {EC220C0F-7441-4F7A-90C0-D2458FC886C6}
		{ADFE2DB7-09F4-4C3C-82C8-C6D7897D2BA1} = {68076627-0756-4C63-A131-2A115F0B9E1A}
		{FDBADB66-B3C5-414F-B4C3-0582E6243212} = {ADFE2DB7-09F4-4C3C-82C8-C6D7897D2BA1}
		{AEC8D32F-8583-470C-92B5-CEE241C1EFE8} = {FDBADB66-B3C5-414F-B4C3-0582E6243212}
		{1D23FF41-D279-4D85-9F50-40774F29DF69} = {FDBADB66-B3C5-414F-B4C3-0582E6243212}
		{6EE1001F-9A87-4B18-8F0A-DC6C806F3058} = {FDBADB66-B3C5-414F-B4C3-0582E6243212}
		{737C8549-29AE-4FFA-BFFF-85733B1C140A} = {ADFE2DB7-09F4-4C3C-82C8-C6D7897D2BA1}
		{377B4CFA-465E-4DFE-B39B-435927CA072A} = {737C8549-29AE-4FFA-BFFF-85733B1C140A}
		{B80843C0-333E-41ED-9EFB-CCE9733D1A05} = {737C8549-29AE-4FFA-BFFF-85733B1C140A}
		{1961ED4F-049D-4A86-BDC5-3C1045C32E0B} = {737C8549-29AE-4FFA-BFFF-85733B1C140A}
		{5AE6E198-41A5-4CB2-B592-C07BD51FA934} = {ADFE2DB7-09F4-4C3C-82C8-C6D7897D2BA1}
		{9DA557DB-29C6-4E6E-9B90-78A404DC1867} = {5AE6E198-41A5-4CB2-B592-C07BD51FA934}
		{07D07965-926A-4E00-BD65-51C410BAE19B} = {5AE6E198-41A5-4CB2-B592-C07BD51FA934}
		{B58970F3-6EEA-4F34-BDD7-3D12ED1F456A} = {5AE6E198-41A5-4CB2-B592-C07BD51FA934}
		{728EE389-619C-4FF9-9D99-C239DE49D3AA} = {ADFE2DB7-09F4-4C3C-82C8-C6D7897D2BA1}
		{8EAC6573-9F3E-4797-B917-BA4E79237EE3} = {728EE389-619C-4FF9-9D99-C239DE49D3AA}
		{ACEE2949-0BF8-4C15-A715-39AD4DDE3CE7} = {728EE389-619C-4FF9-9D99-C239DE49D3AA}
		{6175F4F1-655E-4C5C-9D22-5FCF1C73D40C} = {728EE389-619C-4FF9-9D99-C239DE49D3AA}
		{6D7656C9-CBAD-477B-B186-DAB0FF7445E8} = {68076627-0756-4C63-A131-2A115F0B9E1A}
		{DDEC0977-4F9F-44D1-97D5-4404917AA1ED} = {6D7656C9-CBAD-477B-B186-DAB0FF7445E8}
		{4A2DD318-E721-4135-9CBB-D6928252F804} = {DDEC0977-4F9F-44D1-97D5-4404917AA1ED}
		{1D0717F3-EE6C-4B6C-A09E-726CF953468C} = {6D7656C9-CBAD-477B-B186-DAB0FF7445E8}
		{4B24D0D6-2EA8-453F-9561-39FBC2A5E623} = {1D0717F3-EE6C-4B6C-A09E-726CF953468C}
		{785190C6-743F-465B-B998-202CA6B0B787} = {6D7656C9-CBAD-477B-B186-DAB0FF7445E8}
		{4CDF7671-42D7-45F4-8B86-7A7934C8C4D0} = {785190C6-743F-465B-B998-202CA6B0B787}
		{92CAE511-C816-4F9F-ACC4-91DC7A7D4920} = {785190C6-743F-465B-B998-202CA6B0B787}
		{E568AA5D-C652-429A-9DFA-3F52FD9DB919} = {D08FFCCB-BD15-49E3-A5B1-9140DA248336}
	EndGlobalSection
EndGlobal
